
Microsoft Visual Studio Solution File, Format Version 12.00
# Visual Studio Version 16
VisualStudioVersion = 16.0.810.21
MinimumVisualStudioVersion = 10.0.40219.1
Project("{FAE04EC0-301F-11D3-BF4B-00C04F79EFBC}") = "Advertisements", "Advertisements\Advertisements.csproj", "{0BBE4982-6C0B-48CF-AA38-7174987DB802}"
EndProject
Global
	GlobalSection(SolutionConfigurationPlatforms) = preSolution
		Debug|Any CPU = Debug|Any CPU
		Release|Any CPU = Release|Any CPU
	EndGlobalSection
	GlobalSection(ProjectConfigurationPlatforms) = postSolution
		{0BBE4982-6C0B-48CF-AA38-7174987DB802}.Debug|Any CPU.ActiveCfg = Debug|Any CPU
		{0BBE4982-6C0B-48CF-AA38-7174987DB802}.Debug|Any CPU.Build.0 = Debug|Any CPU
		{0BBE4982-6C0B-48CF-AA38-7174987DB802}.Release|Any CPU.ActiveCfg = Release|Any CPU
		{0BBE4982-6C0B-48CF-AA38-7174987DB802}.Release|Any CPU.Build.0 = Release|Any CPU
	EndGlobalSection
	GlobalSection(SolutionProperties) = preSolution
		HideSolutionNode = FALSE
	EndGlobalSection
	GlobalSection(ExtensibilityGlobals) = postSolution
		SolutionGuid = {D1C73393-928D-41E8-9DFF-C9AEF061FC9E}
	EndGlobalSection
EndGlobal
